<?xml version="1.0" encoding="utf-8"?>
<Project ToolsVersion="4.0" xmlns="http://schemas.microsoft.com/developer/msbuild/2003">
  <ItemGroup>
    <Filter Include="Archivos de origen">
      <UniqueIdentifier>{4FC737F1-C7A5-4376-A066-2A32D752A2FF}</UniqueIdentifier>
      <Extensions>cpp;c;cc;cxx;c++;cppm;ixx;def;odl;idl;hpj;bat;asm;asmx</Extensions>
    </Filter>
    <Filter Include="Archivos de encabezado">
      <UniqueIdentifier>{93995380-89BD-4b04-88EB-625FBE52EBFB}</UniqueIdentifier>
      <Extensions>h;hh;hpp;hxx;h++;hm;inl;inc;ipp;xsd</Extensions>
    </Filter>
    <Filter Include="Archivos de recursos">
      <UniqueIdentifier>{67DA6AB6-F800-4c08-8B7A-83BB121AAD01}</UniqueIdentifier>
      <Extensions>rc;ico;cur;bmp;dlg;rc2;rct;bin;rgs;gif;jpg;jpeg;jpe;resx;tiff;tif;png;wav;mfcribbon-ms</Extensions>
    </Filter>
    <Filter Include="Archivos de encabezado\Sprites">
      <UniqueIdentifier>{f869a134-3560-4a8e-9167-5993b1c2334e}</UniqueIdentifier>
    </Filter>
    <Filter Include="Archivos de encabezado\Mapa">
      <UniqueIdentifier>{a0db0ce0-6fda-4743-a69a-7e37a61ba180}</UniqueIdentifier>
    </Filter>
    <Filter Include="Archivos de encabezado\Nave">
      <UniqueIdentifier>{59678838-cef3-43fc-bf1c-670e3b1a0e96}</UniqueIdentifier>
    </Filter>
    <Filter Include="Archivos de encabezado\Entidades">
      <UniqueIdentifier>{d127f918-dc87-4fc3-b7a8-493d61a84638}</UniqueIdentifier>
    </Filter>
    <Filter Include="Archivos de encabezado\FuncionesBasicas">
      <UniqueIdentifier>{768f8dac-0041-4820-b944-98c859beb2d0}</UniqueIdentifier>
    </Filter>
    <Filter Include="Archivos de origen\FuncionesEntidades">
      <UniqueIdentifier>{5ebe3e6e-740e-4bfa-8676-d3f9bd3457c8}</UniqueIdentifier>
    </Filter>
    <Filter Include="Archivos de origen\FuncionesGenerales">
      <UniqueIdentifier>{e9ed7ae3-4fda-489a-a297-d444220a26a3}</UniqueIdentifier>
    </Filter>
    <Filter Include="Archivos de origen\FuncionesNave">
      <UniqueIdentifier>{007864e7-e6bb-4a44-9cf9-c101ee8f6258}</UniqueIdentifier>
    </Filter>
    <Filter Include="Archivos de origen\FuncionesSprites">
      <UniqueIdentifier>{6fdfde8d-c53f-468b-a105-aadc634f10fd}</UniqueIdentifier>
    </Filter>
    <Filter Include="Archivos de origen\FuncionesMapa">
      <UniqueIdentifier>{90d6df55-e299-4364-be7a-38a98057af08}</UniqueIdentifier>
    </Filter>
  </ItemGroup>
  <ItemGroup>
    <None Include="packages.config" />
    <None Include="tools\audio\audio_explode1.flac" />
    <None Include="tools\audio\audio_explode2.flac" />
    <None Include="tools\audio\audio_shot.flac" />
    <None Include="Juego RTS.aps" />
    <None Include="Resource.aps" />
  </ItemGroup>
  <ItemGroup>
    <ClCompile Include="src\Main.cpp">
      <Filter>Archivos de origen</Filter>
    </ClCompile>
    <ClCompile Include="src\Globales.cpp">
      <Filter>Archivos de origen</Filter>
    </ClCompile>
    <ClCompile Include="src\Funcion\FuncionesGenerales.cpp">
      <Filter>Archivos de origen\FuncionesGenerales</Filter>
    </ClCompile>
    <ClCompile Include="src\Funcion\Matriz.cpp">
      <Filter>Archivos de origen\FuncionesGenerales</Filter>
    </ClCompile>
    <ClCompile Include="src\Funcion\Entidad.cpp">
      <Filter>Archivos de origen\FuncionesEntidades</Filter>
    </ClCompile>
    <ClCompile Include="src\Funcion\Enemigo.cpp">
      <Filter>Archivos de origen\FuncionesEntidades</Filter>
    </ClCompile>
    <ClCompile Include="src\Funcion\Sprite.cpp">
      <Filter>Archivos de origen\FuncionesSprites</Filter>
    </ClCompile>
    <ClCompile Include="src\Funcion\Hoja_sprite.cpp">
      <Filter>Archivos de origen\FuncionesSprites</Filter>
    </ClCompile>
    <ClCompile Include="src\Funcion\Modulo.cpp">
      <Filter>Archivos de origen\FuncionesNave</Filter>
    </ClCompile>
    <ClCompile Include="src\Funcion\Nave.cpp">
      <Filter>Archivos de origen\FuncionesNave</Filter>
    </ClCompile>
    <ClCompile Include="src\Funcion\Recuadro.cpp">
      <Filter>Archivos de origen\FuncionesMapa</Filter>
    </ClCompile>
    <ClCompile Include="src\Funcion\Mapa.cpp">
      <Filter>Archivos de origen\FuncionesMapa</Filter>
    </ClCompile>
    <ClCompile Include="src\Funcion\Array.cpp">
      <Filter>Archivos de origen\FuncionesGenerales</Filter>
    </ClCompile>
    <ClCompile Include="src\Funcion\Jugador.cpp">
      <Filter>Archivos de origen</Filter>
    </ClCompile>
    <ClCompile Include="src\Funcion\Partida.cpp">
      <Filter>Archivos de origen</Filter>
    </ClCompile>
    <ClCompile Include="src\Funcion\Game.cpp">
      <Filter>Archivos de origen</Filter>
    </ClCompile>
  </ItemGroup>
  <ItemGroup>
    <ClInclude Include="src\Modelo\Hoja_sprite.h">
      <Filter>Archivos de encabezado\Sprites</Filter>
    </ClInclude>
    <ClInclude Include="src\Modelo\Sprite.h">
      <Filter>Archivos de encabezado\Sprites</Filter>
    </ClInclude>
    <ClInclude Include="src\Modelo\Mapa.h">
      <Filter>Archivos de encabezado\Mapa</Filter>
    </ClInclude>
    <ClInclude Include="src\Modelo\Nave.h">
      <Filter>Archivos de encabezado\Nave</Filter>
    </ClInclude>
    <ClInclude Include="src\Modelo\Modulo.h">
      <Filter>Archivos de encabezado\Nave</Filter>
    </ClInclude>
    <ClInclude Include="src\Modelo\Enemigo.h">
      <Filter>Archivos de encabezado\Entidades</Filter>
    </ClInclude>
    <ClInclude Include="src\Modelo\Entidad.h">
      <Filter>Archivos de encabezado\Entidades</Filter>
    </ClInclude>
    <ClInclude Include="src\Modelo\Matriz.h">
      <Filter>Archivos de encabezado\FuncionesBasicas</Filter>
    </ClInclude>
    <ClInclude Include="src\Modelo\Recuadro.h">
      <Filter>Archivos de encabezado\Mapa</Filter>
    </ClInclude>
    <ClInclude Include="src\Modelo\Array.h">
      <Filter>Archivos de encabezado\FuncionesBasicas</Filter>
    </ClInclude>
    <ClInclude Include="resource.h">
      <Filter>Archivos de encabezado</Filter>
    </ClInclude>
    <ClInclude Include="src\Modelo\Jugador.h">
      <Filter>Archivos de encabezado</Filter>
    </ClInclude>
    <ClInclude Include="src\Modelo\Partida.h">
      <Filter>Archivos de encabezado</Filter>
    </ClInclude>
    <ClInclude Include="src\Modelo\Game.h">
      <Filter>Archivos de encabezado</Filter>
    </ClInclude>
  </ItemGroup>
  <ItemGroup>
    <ResourceCompile Include="Juego RTS.rc">
      <Filter>Archivos de recursos</Filter>
    </ResourceCompile>
  </ItemGroup>
  <ItemGroup>
    <Image Include="tools\img\spritesheet.png">
      <Filter>Archivos de recursos</Filter>
    </Image>
    <Image Include="tools\img\spritesheet111.png">
      <Filter>Archivos de recursos</Filter>
    </Image>
  </ItemGroup>
</Project>